
Microsoft Visual Studio Solution File, Format Version 12.00
# Visual Studio 14
VisualStudioVersion = 14.0.25420.1
MinimumVisualStudioVersion = 10.0.40219.1
Project("{FAE04EC0-301F-11D3-BF4B-00C04F79EFBC}") = "Lava.Web", "Lava.Web\Lava.Web.csproj", "{2C51D3C1-FD9A-47AC-93AB-27AF536359D2}"
EndProject
Project("{2150E333-8FDC-42A3-9474-1A3956D46DE8}") = "CommonLayer", "CommonLayer", "{25D85C80-8313-4000-9914-08CECFF4FAFB}"
EndProject
Project("{2150E333-8FDC-42A3-9474-1A3956D46DE8}") = "PresentationLayer", "PresentationLayer", "{2583CDCA-71F0-436C-A5AC-EAFA0FC556FD}"
EndProject
Project("{2150E333-8FDC-42A3-9474-1A3956D46DE8}") = "EntityLayer", "EntityLayer", "{EFACAB0C-56E9-4EAD-BB2A-751F4C4A37F8}"
EndProject
Project("{2150E333-8FDC-42A3-9474-1A3956D46DE8}") = "BusinessLayer", "BusinessLayer", "{3D937C2E-C36C-45F4-BBA6-6DDA3B812AA2}"
EndProject
Project("{2150E333-8FDC-42A3-9474-1A3956D46DE8}") = "DataLayer", "DataLayer", "{F593E023-CACE-49E3-AF19-54983877E080}"
EndProject
Project("{FAE04EC0-301F-11D3-BF4B-00C04F79EFBC}") = "Lava.Utility", "Lava.Utility\Lava.Utility.csproj", "{7FB5BF21-2C18-4CED-921B-67D0355E8BAC}"
EndProject
Project("{FAE04EC0-301F-11D3-BF4B-00C04F79EFBC}") = "Lava.Business", "Lava.Business\Lava.Business.csproj", "{9392E599-4612-4081-B75E-C61380D5708C}"
EndProject
Project("{FAE04EC0-301F-11D3-BF4B-00C04F79EFBC}") = "Lava.MSSQLDB", "Lava.MSSQLDB\Lava.MSSQLDB.csproj", "{04F4E3C6-CAE2-4198-8D4A-C4F5BF719344}"
EndProject
Project("{FAE04EC0-301F-11D3-BF4B-00C04F79EFBC}") = "Lava.OracleDB", "Lava.OracleDB\Lava.OracleDB.csproj", "{88656AB5-4019-48C6-ABE3-1ED413F121DA}"
EndProject
Project("{FAE04EC0-301F-11D3-BF4B-00C04F79EFBC}") = "Lava.DO", "Lava.DO\Lava.DO.csproj", "{D8702ECF-DD2C-4C53-A1A2-D71789430A5A}"
EndProject
Project("{2150E333-8FDC-42A3-9474-1A3956D46DE8}") = "ServiceLayer", "ServiceLayer", "{51B30C92-AD78-4C40-916D-C92483F7F4A7}"
EndProject
Project("{FAE04EC0-301F-11D3-BF4B-00C04F79EFBC}") = "Lava.QuartzServer", "Lava.QuartzServer\Lava.QuartzServer.csproj", "{CC58A4A8-DA8D-408E-AA9C-F7081A5BC643}"
EndProject
Project("{FAE04EC0-301F-11D3-BF4B-00C04F79EFBC}") = "Lava.Job", "Lava.Job\Lava.Job.csproj", "{9546A7E8-1421-4922-A6DA-CB1F2892F5F8}"
EndProject
Global
	GlobalSection(SolutionConfigurationPlatforms) = preSolution
		Debug|Any CPU = Debug|Any CPU
		Release|Any CPU = Release|Any CPU
	EndGlobalSection
	GlobalSection(ProjectConfigurationPlatforms) = postSolution
		{2C51D3C1-FD9A-47AC-93AB-27AF536359D2}.Debug|Any CPU.ActiveCfg = Debug|Any CPU
		{2C51D3C1-FD9A-47AC-93AB-27AF536359D2}.Debug|Any CPU.Build.0 = Debug|Any CPU
		{2C51D3C1-FD9A-47AC-93AB-27AF536359D2}.Release|Any CPU.ActiveCfg = Release|Any CPU
		{2C51D3C1-FD9A-47AC-93AB-27AF536359D2}.Release|Any CPU.Build.0 = Release|Any CPU
		{7FB5BF21-2C18-4CED-921B-67D0355E8BAC}.Debug|Any CPU.ActiveCfg = Debug|Any CPU
		{7FB5BF21-2C18-4CED-921B-67D0355E8BAC}.Debug|Any CPU.Build.0 = Debug|Any CPU
		{7FB5BF21-2C18-4CED-921B-67D0355E8BAC}.Release|Any CPU.ActiveCfg = Release|Any CPU
		{7FB5BF21-2C18-4CED-921B-67D0355E8BAC}.Release|Any CPU.Build.0 = Release|Any CPU
		{9392E599-4612-4081-B75E-C61380D5708C}.Debug|Any CPU.ActiveCfg = Debug|Any CPU
		{9392E599-4612-4081-B75E-C61380D5708C}.Debug|Any CPU.Build.0 = Debug|Any CPU
		{9392E599-4612-4081-B75E-C61380D5708C}.Release|Any CPU.ActiveCfg = Release|Any CPU
		{9392E599-4612-4081-B75E-C61380D5708C}.Release|Any CPU.Build.0 = Release|Any CPU
		{04F4E3C6-CAE2-4198-8D4A-C4F5BF719344}.Debug|Any CPU.ActiveCfg = Debug|Any CPU
		{04F4E3C6-CAE2-4198-8D4A-C4F5BF719344}.Debug|Any CPU.Build.0 = Debug|Any CPU
		{04F4E3C6-CAE2-4198-8D4A-C4F5BF719344}.Release|Any CPU.ActiveCfg = Release|Any CPU
		{04F4E3C6-CAE2-4198-8D4A-C4F5BF719344}.Release|Any CPU.Build.0 = Release|Any CPU
		{88656AB5-4019-48C6-ABE3-1ED413F121DA}.Debug|Any CPU.ActiveCfg = Debug|Any CPU
		{88656AB5-4019-48C6-ABE3-1ED413F121DA}.Debug|Any CPU.Build.0 = Debug|Any CPU
		{88656AB5-4019-48C6-ABE3-1ED413F121DA}.Release|Any CPU.ActiveCfg = Release|Any CPU
		{88656AB5-4019-48C6-ABE3-1ED413F121DA}.Release|Any CPU.Build.0 = Release|Any CPU
		{D8702ECF-DD2C-4C53-A1A2-D71789430A5A}.Debug|Any CPU.ActiveCfg = Debug|Any CPU
		{D8702ECF-DD2C-4C53-A1A2-D71789430A5A}.Debug|Any CPU.Build.0 = Debug|Any CPU
		{D8702ECF-DD2C-4C53-A1A2-D71789430A5A}.Release|Any CPU.ActiveCfg = Release|Any CPU
		{D8702ECF-DD2C-4C53-A1A2-D71789430A5A}.Release|Any CPU.Build.0 = Release|Any CPU
		{CC58A4A8-DA8D-408E-AA9C-F7081A5BC643}.Debug|Any CPU.ActiveCfg = Debug|Any CPU
		{CC58A4A8-DA8D-408E-AA9C-F7081A5BC643}.Debug|Any CPU.Build.0 = Debug|Any CPU
		{CC58A4A8-DA8D-408E-AA9C-F7081A5BC643}.Release|Any CPU.ActiveCfg = Release|Any CPU
		{CC58A4A8-DA8D-408E-AA9C-F7081A5BC643}.Release|Any CPU.Build.0 = Release|Any CPU
		{9546A7E8-1421-4922-A6DA-CB1F2892F5F8}.Debug|Any CPU.ActiveCfg = Debug|Any CPU
		{9546A7E8-1421-4922-A6DA-CB1F2892F5F8}.Debug|Any CPU.Build.0 = Debug|Any CPU
		{9546A7E8-1421-4922-A6DA-CB1F2892F5F8}.Release|Any CPU.ActiveCfg = Release|Any CPU
		{9546A7E8-1421-4922-A6DA-CB1F2892F5F8}.Release|Any CPU.Build.0 = Release|Any CPU
	EndGlobalSection
	GlobalSection(SolutionProperties) = preSolution
		HideSolutionNode = FALSE
	EndGlobalSection
	GlobalSection(NestedProjects) = preSolution
		{2C51D3C1-FD9A-47AC-93AB-27AF536359D2} = {2583CDCA-71F0-436C-A5AC-EAFA0FC556FD}
		{7FB5BF21-2C18-4CED-921B-67D0355E8BAC} = {25D85C80-8313-4000-9914-08CECFF4FAFB}
		{9392E599-4612-4081-B75E-C61380D5708C} = {3D937C2E-C36C-45F4-BBA6-6DDA3B812AA2}
		{04F4E3C6-CAE2-4198-8D4A-C4F5BF719344} = {F593E023-CACE-49E3-AF19-54983877E080}
		{88656AB5-4019-48C6-ABE3-1ED413F121DA} = {F593E023-CACE-49E3-AF19-54983877E080}
		{D8702ECF-DD2C-4C53-A1A2-D71789430A5A} = {EFACAB0C-56E9-4EAD-BB2A-751F4C4A37F8}
		{CC58A4A8-DA8D-408E-AA9C-F7081A5BC643} = {51B30C92-AD78-4C40-916D-C92483F7F4A7}
		{9546A7E8-1421-4922-A6DA-CB1F2892F5F8} = {51B30C92-AD78-4C40-916D-C92483F7F4A7}
	EndGlobalSection
EndGlobal
